// !$*UTF8*$!
{
	archiveVersion = 1;
	classes = {
	};
	objectVersion = 46;
	objects = {

/* Begin PBXBuildFile section */
		BA67937B1B79A5D100C6C582 /* main.m in Sources */ = {isa = PBXBuildFile; fileRef = BA67937A1B79A5D100C6C582 /* main.m */; };
		BA67937E1B79A5D100C6C582 /* AppDelegate.m in Sources */ = {isa = PBXBuildFile; fileRef = BA67937D1B79A5D100C6C582 /* AppDelegate.m */; };
		BA6793811B79A5D100C6C582 /* ViewController.m in Sources */ = {isa = PBXBuildFile; fileRef = BA6793801B79A5D100C6C582 /* ViewController.m */; };
		BA6793841B79A5D100C6C582 /* Main.storyboard in Resources */ = {isa = PBXBuildFile; fileRef = BA6793821B79A5D100C6C582 /* Main.storyboard */; };
		BA6793861B79A5D100C6C582 /* Images.xcassets in Resources */ = {isa = PBXBuildFile; fileRef = BA6793851B79A5D100C6C582 /* Images.xcassets */; };
		BA6793891B79A5D100C6C582 /* LaunchScreen.xib in Resources */ = {isa = PBXBuildFile; fileRef = BA6793871B79A5D100C6C582 /* LaunchScreen.xib */; };
		BA6793951B79A5D100C6C582 /* ToDoListTests.m in Sources */ = {isa = PBXBuildFile; fileRef = BA6793941B79A5D100C6C582 /* ToDoListTests.m */; };
/* End PBXBuildFile section */

/* Begin PBXContainerItemProxy section */
		BA67938F1B79A5D100C6C582 /* PBXContainerItemProxy */ = {
			isa = PBXContainerItemProxy;
			containerPortal = BA67936D1B79A5D100C6C582 /* Project object */;
			proxyType = 1;
			remoteGlobalIDString = BA6793741B79A5D100C6C582;
			remoteInfo = ToDoList;
		};
/* End PBXContainerItemProxy section */

/* Begin PBXFileReference section */
		BA6793751B79A5D100C6C582 /* ToDoList.app */ = {isa = PBXFileReference; explicitFileType = wrapper.application; includeInIndex = 0; path = ToDoList.app; sourceTree = BUILT_PRODUCTS_DIR; };
		BA6793791B79A5D100C6C582 /* Info.plist */ = {isa = PBXFileReference; lastKnownFileType = text.plist.xml; path = Info.plist; sourceTree = "<group>"; };
		BA67937A1B79A5D100C6C582 /* main.m */ = {isa = PBXFileReference; lastKnownFileType = sourcecode.c.objc; path = main.m; sourceTree = "<group>"; };
		BA67937C1B79A5D100C6C582 /* AppDelegate.h */ = {isa = PBXFileReference; lastKnownFileType = sourcecode.c.h; path = AppDelegate.h; sourceTree = "<group>"; };
		BA67937D1B79A5D100C6C582 /* AppDelegate.m */ = {isa = PBXFileReference; lastKnownFileType = sourcecode.c.objc; path = AppDelegate.m; sourceTree = "<group>"; };
		BA67937F1B79A5D100C6C582 /* ViewController.h */ = {isa = PBXFileReference; lastKnownFileType = sourcecode.c.h; path = ViewController.h; sourceTree = "<group>"; };
		BA6793801B79A5D100C6C582 /* ViewController.m */ = {isa = PBXFileReference; lastKnownFileType = sourcecode.c.objc; path = ViewController.m; sourceTree = "<group>"; };
		BA6793831B79A5D100C6C582 /* Base */ = {isa = PBXFileReference; lastKnownFileType = file.storyboard; name = Base; path = Base.lproj/Main.storyboard; sourceTree = "<group>"; };
		BA6793851B79A5D100C6C582 /* Images.xcassets */ = {isa = PBXFileReference; lastKnownFileType = folder.assetcatalog; path = Images.xcassets; sourceTree = "<group>"; };
		BA6793881B79A5D100C6C582 /* Base */ = {isa = PBXFileReference; lastKnownFileType = file.xib; name = Base; path = Base.lproj/LaunchScreen.xib; sourceTree = "<group>"; };
		BA67938E1B79A5D100C6C582 /* ToDoListTests.xctest */ = {isa = PBXFileReference; explicitFileType = wrapper.cfbundle; includeInIndex = 0; path = ToDoListTests.xctest; sourceTree = BUILT_PRODUCTS_DIR; };
		BA6793931B79A5D100C6C582 /* Info.plist */ = {isa = PBXFileReference; lastKnownFileType = text.plist.xml; path = Info.plist; sourceTree = "<group>"; };
		BA6793941B79A5D100C6C582 /* ToDoListTests.m */ = {isa = PBXFileReference; lastKnownFileType = sourcecode.c.objc; path = ToDoListTests.m; sourceTree = "<group>"; };
/* End PBXFileReference section */

/* Begin PBXFrameworksBuildPhase section */
		BA6793721B79A5D100C6C582 /* Frameworks */ = {
			isa = PBXFrameworksBuildPhase;
			buildActionMask = 2147483647;
			files = (
			);
			runOnlyForDeploymentPostprocessing = 0;
		};
		BA67938B1B79A5D100C6C582 /* Frameworks */ = {
			isa = PBXFrameworksBuildPhase;
			buildActionMask = 2147483647;
			files = (
			);
			runOnlyForDeploymentPostprocessing = 0;
		};
/* End PBXFrameworksBuildPhase section */

/* Begin PBXGroup section */
		BA67936C1B79A5D100C6C582 = {
			isa = PBXGroup;
			children = (
				BA6793771B79A5D100C6C582 /* ToDoList */,
				BA6793911B79A5D100C6C582 /* ToDoListTests */,
				BA6793761B79A5D100C6C582 /* Products */,
			);
			sourceTree = "<group>";
		};
		BA6793761B79A5D100C6C582 /* Products */ = {
			isa = PBXGroup;
			children = (
				BA6793751B79A5D100C6C582 /* ToDoList.app */,
				BA67938E1B79A5D100C6C582 /* ToDoListTests.xctest */,
			);
			name = Products;
			sourceTree = "<group>";
		};
		BA6793771B79A5D100C6C582 /* ToDoList */ = {
			isa = PBXGroup;
			children = (
				BA67937C1B79A5D100C6C582 /* AppDelegate.h */,
				BA67937D1B79A5D100C6C582 /* AppDelegate.m */,
				BA67937F1B79A5D100C6C582 /* ViewController.h */,
				BA6793801B79A5D100C6C582 /* ViewController.m */,
				BA6793821B79A5D100C6C582 /* Main.storyboard */,
				BA6793851B79A5D100C6C582 /* Images.xcassets */,
				BA6793871B79A5D100C6C582 /* LaunchScreen.xib */,
				BA6793781B79A5D100C6C582 /* Supporting Files */,
			);
			path = ToDoList;
			sourceTree = "<group>";
		};
		BA6793781B79A5D100C6C582 /* Supporting Files */ = {
			isa = PBXGroup;
			children = (
				BA6793791B79A5D100C6C582 /* Info.plist */,
				BA67937A1B79A5D100C6C582 /* main.m */,
			);
			name = "Supporting Files";
			sourceTree = "<group>";
		};
		BA6793911B79A5D100C6C582 /* ToDoListTests */ = {
			isa = PBXGroup;
			children = (
				BA6793941B79A5D100C6C582 /* ToDoListTests.m */,
				BA6793921B79A5D100C6C582 /* Supporting Files */,
			);
			path = ToDoListTests;
			sourceTree = "<group>";
		};
		BA6793921B79A5D100C6C582 /* Supporting Files */ = {
			isa = PBXGroup;
			children = (
				BA6793931B79A5D100C6C582 /* Info.plist */,
			);
			name = "Supporting Files";
			sourceTree = "<group>";
		};
/* End PBXGroup section */

/* Begin PBXNativeTarget section */
		BA6793741B79A5D100C6C582 /* ToDoList */ = {
			isa = PBXNativeTarget;
			buildConfigurationList = BA6793981B79A5D100C6C582 /* Build configuration list for PBXNativeTarget "ToDoList" */;
			buildPhases = (
				BA6793711B79A5D100C6C582 /* Sources */,
				BA6793721B79A5D100C6C582 /* Frameworks */,
				BA6793731B79A5D100C6C582 /* Resources */,
			);
			buildRules = (
			);
			dependencies = (
			);
			name = ToDoList;
			productName = ToDoList;
			productReference = BA6793751B79A5D100C6C582 /* ToDoList.app */;
			productType = "com.apple.product-type.application";
		};
		BA67938D1B79A5D100C6C582 /* ToDoListTests */ = {
			isa = PBXNativeTarget;
			buildConfigurationList = BA67939B1B79A5D100C6C582 /* Build configuration list for PBXNativeTarget "ToDoListTests" */;
			buildPhases = (
				BA67938A1B79A5D100C6C582 /* Sources */,
				BA67938B1B79A5D100C6C582 /* Frameworks */,
				BA67938C1B79A5D100C6C582 /* Resources */,
			);
			buildRules = (
			);
			dependencies = (
				BA6793901B79A5D100C6C582 /* PBXTargetDependency */,
			);
			name = ToDoListTests;
			productName = ToDoListTests;
			productReference = BA67938E1B79A5D100C6C582 /* ToDoListTests.xctest */;
			productType = "com.apple.product-type.bundle.unit-test";
		};
/* End PBXNativeTarget section */

/* Begin PBXProject section */
		BA67936D1B79A5D100C6C582 /* Project object */ = {
			isa = PBXProject;
			attributes = {
				LastUpgradeCheck = 0630;
				ORGANIZATIONNAME = "Wei You";
				TargetAttributes = {
					BA6793741B79A5D100C6C582 = {
						CreatedOnToolsVersion = 6.3.2;
					};
					BA67938D1B79A5D100C6C582 = {
						CreatedOnToolsVersion = 6.3.2;
						TestTargetID = BA6793741B79A5D100C6C582;
					};
				};
			};
			buildConfigurationList = BA6793701B79A5D100C6C582 /* Build configuration list for PBXProject "ToDoList" */;
			compatibilityVersion = "Xcode 3.2";
			developmentRegion = English;
			hasScannedForEncodings = 0;
			knownRegions = (
				en,
				Base,
			);
			mainGroup = BA67936C1B79A5D100C6C582;
			productRefGroup = BA6793761B79A5D100C6C582 /* Products */;
			projectDirPath = "";
			projectRoot = "";
			targets = (
				BA6793741B79A5D100C6C582 /* ToDoList */,
				BA67938D1B79A5D100C6C582 /* ToDoListTests */,
			);
		};
/* End PBXProject section */

/* Begin PBXResourcesBuildPhase section */
		BA6793731B79A5D100C6C582 /* Resources */ = {
			isa = PBXResourcesBuildPhase;
			buildActionMask = 2147483647;
			files = (
				BA6793841B79A5D100C6C582 /* Main.storyboard in Resources */,
				BA6793891B79A5D100C6C582 /* LaunchScreen.xib in Resources */,
				BA6793861B79A5D100C6C582 /* Images.xcassets in Resources */,
			);
			runOnlyForDeploymentPostprocessing = 0;
		};
		BA67938C1B79A5D100C6C582 /* Resources */ = {
			isa = PBXResourcesBuildPhase;
			buildActionMask = 2147483647;
			files = (
			);
			runOnlyForDeploymentPostprocessing = 0;
		};
/* End PBXResourcesBuildPhase section */

/* Begin PBXSourcesBuildPhase section */
		BA6793711B79A5D100C6C582 /* Sources */ = {
			isa = PBXSourcesBuildPhase;
			buildActionMask = 2147483647;
			files = (
				BA6793811B79A5D100C6C582 /* ViewController.m in Sources */,
				BA67937E1B79A5D100C6C582 /* AppDelegate.m in Sources */,
				BA67937B1B79A5D100C6C582 /* main.m in Sources */,
			);
			runOnlyForDeploymentPostprocessing = 0;
		};
		BA67938A1B79A5D100C6C582 /* Sources */ = {
			isa = PBXSourcesBuildPhase;
			buildActionMask = 2147483647;
			files = (
				BA6793951B79A5D100C6C582 /* ToDoListTests.m in Sources */,
			);
			runOnlyForDeploymentPostprocessing = 0;
		};
/* End PBXSourcesBuildPhase section */

/* Begin PBXTargetDependency section */
		BA6793901B79A5D100C6C582 /* PBXTargetDependency */ = {
			isa = PBXTargetDependency;
			target = BA6793741B79A5D100C6C582 /* ToDoList */;
			targetProxy = BA67938F1B79A5D100C6C582 /* PBXContainerItemProxy */;
		};
/* End PBXTargetDependency section */

/* Begin PBXVariantGroup section */
		BA6793821B79A5D100C6C582 /* Main.storyboard */ = {
			isa = PBXVariantGroup;
			children = (
				BA6793831B79A5D100C6C582 /* Base */,
			);
			name = Main.storyboard;
			sourceTree = "<group>";
		};
		BA6793871B79A5D100C6C582 /* LaunchScreen.xib */ = {
			isa = PBXVariantGroup;
			children = (
				BA6793881B79A5D100C6C582 /* Base */,
			);
			name = LaunchScreen.xib;
			sourceTree = "<group>";
		};
/* End PBXVariantGroup section */

/* Begin XCBuildConfiguration section */
		BA6793961B79A5D100C6C582 /* Debug */ = {
			isa = XCBuildConfiguration;
			buildSettings = {
				ALWAYS_SEARCH_USER_PATHS = NO;
				CLANG_CXX_LANGUAGE_STANDARD = "gnu++0x";
				CLANG_CXX_LIBRARY = "libc++";
				CLANG_ENABLE_MODULES = YES;
				CLANG_ENABLE_OBJC_ARC = YES;
				CLANG_WARN_BOOL_CONVERSION = YES;
				CLANG_WARN_CONSTANT_CONVERSION = YES;
				CLANG_WARN_DIRECT_OBJC_ISA_USAGE = YES_ERROR;
				CLANG_WARN_EMPTY_BODY = YES;
				CLANG_WARN_ENUM_CONVERSION = YES;
				CLANG_WARN_INT_CONVERSION = YES;
				CLANG_WARN_OBJC_ROOT_CLASS = YES_ERROR;
				CLANG_WARN_UNREACHABLE_CODE = YES;
				CLANG_WARN__DUPLICATE_METHOD_MATCH = YES;
				"CODE_SIGN_IDENTITY[sdk=iphoneos*]" = "iPhone Developer";
				COPY_PHASE_STRIP = NO;
				DEBUG_INFORMATION_FORMAT = "dwarf-with-dsym";
				ENABLE_STRICT_OBJC_MSGSEND = YES;
				GCC_C_LANGUAGE_STANDARD = gnu99;
				GCC_DYNAMIC_NO_PIC = NO;
				GCC_NO_COMMON_BLOCKS = YES;
				GCC_OPTIMIZATION_LEVEL = 0;
				GCC_PREPROCESSOR_DEFINITIONS = (
					"DEBUG=1",
					"$(inherited)",
				);
				GCC_SYMBOLS_PRIVATE_EXTERN = NO;
				GCC_WARN_64_TO_32_BIT_CONVERSION = YES;
				GCC_WARN_ABOUT_RETURN_TYPE = YES_ERROR;
				GCC_WARN_UNDECLARED_SELECTOR = YES;
				GCC_WARN_UNINITIALIZED_AUTOS = YES_AGGRESSIVE;
				GCC_WARN_UNUSED_FUNCTION = YES;
				GCC_WARN_UNUSED_VARIABLE = YES;
				IPHONEOS_DEPLOYMENT_TARGET = 8.3;
				MTL_ENABLE_DEBUG_INFO = YES;
				ONLY_ACTIVE_ARCH = YES;
				SDKROOT = iphoneos;
				TARGETED_DEVICE_FAMILY = "1,2";
			};
			name = Debug;
		};
		BA6793971B79A5D100C6C582 /* Release */ = {
			isa = XCBuildConfiguration;
			buildSettings = {
				ALWAYS_SEARCH_USER_PATHS = NO;
				CLANG_CXX_LANGUAGE_STANDARD = "gnu++0x";
				CLANG_CXX_LIBRARY = "libc++";
				CLANG_ENABLE_MODULES = YES;
				CLANG_ENABLE_OBJC_ARC = YES;
				CLANG_WARN_BOOL_CONVERSION = YES;
				CLANG_WARN_CONSTANT_CONVERSION = YES;
				CLANG_WARN_DIRECT_OBJC_ISA_USAGE = YES_ERROR;
				CLANG_WARN_EMPTY_BODY = YES;
				CLANG_WARN_ENUM_CONVERSION = YES;
				CLANG_WARN_INT_CONVERSION = YES;
				CLANG_WARN_OBJC_ROOT_CLASS = YES_ERROR;
				CLANG_WARN_UNREACHABLE_CODE = YES;
				CLANG_WARN__DUPLICATE_METHOD_MATCH = YES;
				"CODE_SIGN_IDENTITY[sdk=iphoneos*]" = "iPhone Developer";
				COPY_PHASE_STRIP = NO;
				DEBUG_INFORMATION_FORMAT = "dwarf-with-dsym";
				ENABLE_NS_ASSERTIONS = NO;
				ENABLE_STRICT_OBJC_MSGSEND = YES;
				GCC_C_LANGUAGE_STANDARD = gnu99;
				GCC_NO_COMMON_BLOCKS = YES;
				GCC_WARN_64_TO_32_BIT_CONVERSION = YES;
				GCC_WARN_ABOUT_RETURN_TYPE = YES_ERROR;
				GCC_WARN_UNDECLARED_SELECTOR = YES;
				GCC_WARN_UNINITIALIZED_AUTOS = YES_AGGRESSIVE;
				GCC_WARN_UNUSED_FUNCTION = YES;
				GCC_WARN_UNUSED_VARIABLE = YES;
				IPHONEOS_DEPLOYMENT_TARGET = 8.3;
				MTL_ENABLE_DEBUG_INFO = NO;
				SDKROOT = iphoneos;
				TARGETED_DEVICE_FAMILY = "1,2";
				VALIDATE_PRODUCT = YES;
			};
			name = Release;
		};
		BA6793991B79A5D100C6C582 /* Debug */ = {
			isa = XCBuildConfiguration;
			buildSettings = {
				ASSETCATALOG_COMPILER_APPICON_NAME = AppIcon;
				INFOPLIST_FILE = ToDoList/Info.plist;
				LD_RUNPATH_SEARCH_PATHS = "$(inherited) @executable_path/Frameworks";
				PRODUCT_NAME = "$(TARGET_NAME)";
			};
			name = Debug;
		};
		BA67939A1B79A5D100C6C582 /* Release */ = {
			isa = XCBuildConfiguration;
			buildSettings = {
				ASSETCATALOG_COMPILER_APPICON_NAME = AppIcon;
				INFOPLIST_FILE = ToDoList/Info.plist;
				LD_RUNPATH_SEARCH_PATHS = "$(inherited) @executable_path/Frameworks";
				PRODUCT_NAME = "$(TARGET_NAME)";
			};
			name = Release;
		};
		BA67939C1B79A5D100C6C582 /* Debug */ = {
			isa = XCBuildConfiguration;
			buildSettings = {
				BUNDLE_LOADER = "$(TEST_HOST)";
				FRAMEWORK_SEARCH_PATHS = (
					"$(SDKROOT)/Developer/Library/Frameworks",
					"$(inherited)",
				);
				GCC_PREPROCESSOR_DEFINITIONS = (
					"DEBUG=1",
					"$(inherited)",
				);
				INFOPLIST_FILE = ToDoListTests/Info.plist;
				LD_RUNPATH_SEARCH_PATHS = "$(inherited) @executable_path/Frameworks @loader_path/Frameworks";
				PRODUCT_NAME = "$(TARGET_NAME)";
				TEST_HOST = "$(BUILT_PRODUCTS_DIR)/ToDoList.app/ToDoList";
			};
			name = Debug;
		};
		BA67939D1B79A5D100C6C582 /* Release */ = {
			isa = XCBuildConfiguration;
			buildSettings = {
				BUNDLE_LOADER = "$(TEST_HOST)";
				FRAMEWORK_SEARCH_PATHS = (
					"$(SDKROOT)/Developer/Library/Frameworks",
					"$(inherited)",
				);
				INFOPLIST_FILE = ToDoListTests/Info.plist;
				LD_RUNPATH_SEARCH_PATHS = "$(inherited) @executable_path/Frameworks @loader_path/Frameworks";
				PRODUCT_NAME = "$(TARGET_NAME)";
				TEST_HOST = "$(BUILT_PRODUCTS_DIR)/ToDoList.app/ToDoList";
			};
			name = Release;
		};
/* End XCBuildConfiguration section */

/* Begin XCConfigurationList section */
		BA6793701B79A5D100C6C582 /* Build configuration list for PBXProject "ToDoList" */ = {
			isa = XCConfigurationList;
			buildConfigurations = (
				BA6793961B79A5D100C6C582 /* Debug */,
				BA6793971B79A5D100C6C582 /* Release */,
			);
			defaultConfigurationIsVisible = 0;
			defaultConfigurationName = Release;
		};
		BA6793981B79A5D100C6C582 /* Build configuration list for PBXNativeTarget "ToDoList" */ = {
			isa = XCConfigurationList;
			buildConfigurations = (
				BA6793991B79A5D100C6C582 /* Debug */,
				BA67939A1B79A5D100C6C582 /* Release */,
			);
			defaultConfigurationIsVisible = 0;
		};
		BA67939B1B79A5D100C6C582 /* Build configuration list for PBXNativeTarget "ToDoListTests" */ = {
			isa = XCConfigurationList;
			buildConfigurations = (
				BA67939C1B79A5D100C6C582 /* Debug */,
				BA67939D1B79A5D100C6C582 /* Release */,
			);
			defaultConfigurationIsVisible = 0;
		};
/* End XCConfigurationList section */
	};
	rootObject = BA67936D1B79A5D100C6C582 /* Project object */;
}
